
Microsoft Visual Studio Solution File, Format Version 12.00
# Visual Studio Version 17
VisualStudioVersion = 17.1.32210.238
MinimumVisualStudioVersion = 10.0.40219.1
Project("{FAE04EC0-301F-11D3-BF4B-00C04F79EFBC}") = "Employess - BackEnd", "Employess - BackEnd\Employess - BackEnd.csproj", "{46471A99-129E-457C-AEF0-B0B910770D20}"
EndProject
Global
	GlobalSection(SolutionConfigurationPlatforms) = preSolution
		Debug|Any CPU = Debug|Any CPU
		Release|Any CPU = Release|Any CPU
	EndGlobalSection
	GlobalSection(ProjectConfigurationPlatforms) = postSolution
		{46471A99-129E-457C-AEF0-B0B910770D20}.Debug|Any CPU.ActiveCfg = Debug|Any CPU
		{46471A99-129E-457C-AEF0-B0B910770D20}.Debug|Any CPU.Build.0 = Debug|Any CPU
		{46471A99-129E-457C-AEF0-B0B910770D20}.Release|Any CPU.ActiveCfg = Release|Any CPU
		{46471A99-129E-457C-AEF0-B0B910770D20}.Release|Any CPU.Build.0 = Release|Any CPU
	EndGlobalSection
	GlobalSection(SolutionProperties) = preSolution
		HideSolutionNode = FALSE
	EndGlobalSection
	GlobalSection(ExtensibilityGlobals) = postSolution
		SolutionGuid = {16C023FD-01A5-4514-B9B2-2B351563370B}
	EndGlobalSection
EndGlobal
